
Microsoft Visual Studio Solution File, Format Version 12.00
Project("{FAE04EC0-301F-11D3-BF4B-00C04F79EFBC}") = "ProjectLicenta.Web.LicentaApi.Presentation", "ProjectLicenta.Web.LicentaApi.Presentation\ProjectLicenta.Web.LicentaApi.Presentation.csproj", "{F3645FCC-7C39-456C-8FC7-8FE3C1ED0851}"
EndProject
Project("{FAE04EC0-301F-11D3-BF4B-00C04F79EFBC}") = "ProjectLicenta.Web.LicentaApi.Infrastructure", "ProjectLicenta.Web.LicentaApi.Infrastructure\ProjectLicenta.Web.LicentaApi.Infrastructure.csproj", "{9B254BD6-BB61-4522-9DEA-557F9E7A4EF4}"
EndProject
Project("{FAE04EC0-301F-11D3-BF4B-00C04F79EFBC}") = "ProjectLicenta.Web.LicentaApi.Core", "ProjectLicenta.Web.LicentaApi.Core\ProjectLicenta.Web.LicentaApi.Core.csproj", "{C6EA0E71-8FEF-40DA-81A1-7E037C018E38}"
EndProject
Global
	GlobalSection(SolutionConfigurationPlatforms) = preSolution
		Debug|Any CPU = Debug|Any CPU
		Release|Any CPU = Release|Any CPU
	EndGlobalSection
	GlobalSection(ProjectConfigurationPlatforms) = postSolution
		{F3645FCC-7C39-456C-8FC7-8FE3C1ED0851}.Debug|Any CPU.ActiveCfg = Debug|Any CPU
		{F3645FCC-7C39-456C-8FC7-8FE3C1ED0851}.Debug|Any CPU.Build.0 = Debug|Any CPU
		{F3645FCC-7C39-456C-8FC7-8FE3C1ED0851}.Release|Any CPU.ActiveCfg = Release|Any CPU
		{F3645FCC-7C39-456C-8FC7-8FE3C1ED0851}.Release|Any CPU.Build.0 = Release|Any CPU
		{9B254BD6-BB61-4522-9DEA-557F9E7A4EF4}.Debug|Any CPU.ActiveCfg = Debug|Any CPU
		{9B254BD6-BB61-4522-9DEA-557F9E7A4EF4}.Debug|Any CPU.Build.0 = Debug|Any CPU
		{9B254BD6-BB61-4522-9DEA-557F9E7A4EF4}.Release|Any CPU.ActiveCfg = Release|Any CPU
		{9B254BD6-BB61-4522-9DEA-557F9E7A4EF4}.Release|Any CPU.Build.0 = Release|Any CPU
		{C6EA0E71-8FEF-40DA-81A1-7E037C018E38}.Debug|Any CPU.ActiveCfg = Debug|Any CPU
		{C6EA0E71-8FEF-40DA-81A1-7E037C018E38}.Debug|Any CPU.Build.0 = Debug|Any CPU
		{C6EA0E71-8FEF-40DA-81A1-7E037C018E38}.Release|Any CPU.ActiveCfg = Release|Any CPU
		{C6EA0E71-8FEF-40DA-81A1-7E037C018E38}.Release|Any CPU.Build.0 = Release|Any CPU
	EndGlobalSection
EndGlobal
